// !$*UTF8*$!
{
	archiveVersion = 1;
	classes = {
	};
	objectVersion = 56;
	objects = {

/* Begin PBXBuildFile section */
		4E36BBFE2915D7EF00673B84 /* Notes+.swift in Sources */ = {isa = PBXBuildFile; fileRef = 4E36BBFD2915D7EF00673B84 /* Notes+.swift */; };
		4E4583C828FBC1CA00C617BE /* SettingsController.swift in Sources */ = {isa = PBXBuildFile; fileRef = 4E4583C728FBC1CA00C617BE /* SettingsController.swift */; };
		4E596500291399A2000BB2EC /* ShareController.swift in Sources */ = {isa = PBXBuildFile; fileRef = 4E5964FF291399A2000BB2EC /* ShareController.swift */; };
		4E596507291399A2000BB2EC /* Import.appex in Embed Foundation Extensions */ = {isa = PBXBuildFile; fileRef = 4E5964FD291399A2000BB2EC /* Import.appex */; settings = {ATTRIBUTES = (RemoveHeadersOnCopy, ); }; };
		4E59A2D2291657AE0038D4C0 /* NotesUI in Frameworks */ = {isa = PBXBuildFile; productRef = 4E59A2D1291657AE0038D4C0 /* NotesUI */; };
		4E6A3A6C28FF3E82005CCE32 /* NoteDocument.swift in Sources */ = {isa = PBXBuildFile; fileRef = 4E6A3A6B28FF3E82005CCE32 /* NoteDocument.swift */; };
		4E6B70D02964867D0073977E /* SceneDelegate.swift in Sources */ = {isa = PBXBuildFile; fileRef = 4E6B70CF2964867D0073977E /* SceneDelegate.swift */; };
		4E6B70D2296486D60073977E /* SplitController.swift in Sources */ = {isa = PBXBuildFile; fileRef = 4E6B70D1296486D60073977E /* SplitController.swift */; };
		4E6B70D4296487020073977E /* EmptyController.swift in Sources */ = {isa = PBXBuildFile; fileRef = 4E6B70D3296487020073977E /* EmptyController.swift */; };
		4E7074762916693600FB00D4 /* Engine.swift in Sources */ = {isa = PBXBuildFile; fileRef = 4E7074752916693600FB00D4 /* Engine.swift */; };
		4E707479291669A000FB00D4 /* NotesUI in Frameworks */ = {isa = PBXBuildFile; productRef = 4E707478291669A000FB00D4 /* NotesUI */; };
		4E70747C29166A1600FB00D4 /* Paths in Frameworks */ = {isa = PBXBuildFile; productRef = 4E70747B29166A1600FB00D4 /* Paths */; };
		4E7107EF291EF3E800AAEC92 /* SnapTests.swift in Sources */ = {isa = PBXBuildFile; fileRef = 4E7107EE291EF3E800AAEC92 /* SnapTests.swift */; };
		4E7776EB28F46E9E00DAEF80 /* Assets.xcassets in Resources */ = {isa = PBXBuildFile; fileRef = 4E7776EA28F46E9E00DAEF80 /* Assets.xcassets */; };
		4E7776F528F46EC100DAEF80 /* AppDelegate.swift in Sources */ = {isa = PBXBuildFile; fileRef = 4E7776F428F46EC100DAEF80 /* AppDelegate.swift */; };
		4E7776F828F47D0700DAEF80 /* Engine.swift in Sources */ = {isa = PBXBuildFile; fileRef = 4E7776F728F47D0700DAEF80 /* Engine.swift */; };
		4E77770428F486E900DAEF80 /* MenuController.swift in Sources */ = {isa = PBXBuildFile; fileRef = 4E77770328F486E900DAEF80 /* MenuController.swift */; };
		4E77770628F5008C00DAEF80 /* NoteController.swift in Sources */ = {isa = PBXBuildFile; fileRef = 4E77770528F5008C00DAEF80 /* NoteController.swift */; };
		4E77772028F9B42000DAEF80 /* SearchController.swift in Sources */ = {isa = PBXBuildFile; fileRef = 4E77771F28F9B42000DAEF80 /* SearchController.swift */; };
		4E7DBB6D2915BE2E00185CA3 /* Paths in Frameworks */ = {isa = PBXBuildFile; productRef = 4E7DBB6C2915BE2E00185CA3 /* Paths */; };
/* End PBXBuildFile section */

/* Begin PBXContainerItemProxy section */
		4E596505291399A2000BB2EC /* PBXContainerItemProxy */ = {
			isa = PBXContainerItemProxy;
			containerPortal = 4E7776DB28F46E9C00DAEF80 /* Project object */;
			proxyType = 1;
			remoteGlobalIDString = 4E5964FC291399A2000BB2EC;
			remoteInfo = Import;
		};
		4E7107F0291EF3E800AAEC92 /* PBXContainerItemProxy */ = {
			isa = PBXContainerItemProxy;
			containerPortal = 4E7776DB28F46E9C00DAEF80 /* Project object */;
			proxyType = 1;
			remoteGlobalIDString = 4E7776E228F46E9C00DAEF80;
			remoteInfo = Markology;
		};
/* End PBXContainerItemProxy section */

/* Begin PBXCopyFilesBuildPhase section */
		4E59650C291399A2000BB2EC /* Embed Foundation Extensions */ = {
			isa = PBXCopyFilesBuildPhase;
			buildActionMask = 2147483647;
			dstPath = "";
			dstSubfolderSpec = 13;
			files = (
				4E596507291399A2000BB2EC /* Import.appex in Embed Foundation Extensions */,
			);
			name = "Embed Foundation Extensions";
			runOnlyForDeploymentPostprocessing = 0;
		};
		4E7776FD28F47D6600DAEF80 /* Embed Frameworks */ = {
			isa = PBXCopyFilesBuildPhase;
			buildActionMask = 2147483647;
			dstPath = "";
			dstSubfolderSpec = 10;
			files = (
			);
			name = "Embed Frameworks";
			runOnlyForDeploymentPostprocessing = 0;
		};
/* End PBXCopyFilesBuildPhase section */

/* Begin PBXFileReference section */
		4E36BBFD2915D7EF00673B84 /* Notes+.swift */ = {isa = PBXFileReference; lastKnownFileType = sourcecode.swift; path = "Notes+.swift"; sourceTree = "<group>"; };
		4E4583C728FBC1CA00C617BE /* SettingsController.swift */ = {isa = PBXFileReference; lastKnownFileType = sourcecode.swift; path = SettingsController.swift; sourceTree = "<group>"; };
		4E5964FD291399A2000BB2EC /* Import.appex */ = {isa = PBXFileReference; explicitFileType = "wrapper.app-extension"; includeInIndex = 0; path = Import.appex; sourceTree = BUILT_PRODUCTS_DIR; };
		4E5964FF291399A2000BB2EC /* ShareController.swift */ = {isa = PBXFileReference; lastKnownFileType = sourcecode.swift; path = ShareController.swift; sourceTree = "<group>"; };
		4E596504291399A2000BB2EC /* Info.plist */ = {isa = PBXFileReference; lastKnownFileType = text.plist.xml; path = Info.plist; sourceTree = "<group>"; };
		4E596508291399A2000BB2EC /* Import.entitlements */ = {isa = PBXFileReference; lastKnownFileType = text.plist.entitlements; path = Import.entitlements; sourceTree = "<group>"; };
		4E5965342913B073000BB2EC /* Swiftlets */ = {isa = PBXFileReference; lastKnownFileType = wrapper; path = Swiftlets; sourceTree = "<group>"; };
		4E6A3A6B28FF3E82005CCE32 /* NoteDocument.swift */ = {isa = PBXFileReference; lastKnownFileType = sourcecode.swift; path = NoteDocument.swift; sourceTree = "<group>"; };
		4E6B70CF2964867D0073977E /* SceneDelegate.swift */ = {isa = PBXFileReference; lastKnownFileType = sourcecode.swift; path = SceneDelegate.swift; sourceTree = "<group>"; };
		4E6B70D1296486D60073977E /* SplitController.swift */ = {isa = PBXFileReference; lastKnownFileType = sourcecode.swift; path = SplitController.swift; sourceTree = "<group>"; };
		4E6B70D3296487020073977E /* EmptyController.swift */ = {isa = PBXFileReference; lastKnownFileType = sourcecode.swift; path = EmptyController.swift; sourceTree = "<group>"; };
		4E7074752916693600FB00D4 /* Engine.swift */ = {isa = PBXFileReference; lastKnownFileType = sourcecode.swift; path = Engine.swift; sourceTree = "<group>"; };
		4E7107D6291EC08600AAEC92 /* Info.plist */ = {isa = PBXFileReference; lastKnownFileType = text.plist; path = Info.plist; sourceTree = "<group>"; };
		4E7107EA291EF3E800AAEC92 /* MarkologyUITests.xctest */ = {isa = PBXFileReference; explicitFileType = wrapper.cfbundle; includeInIndex = 0; path = MarkologyUITests.xctest; sourceTree = BUILT_PRODUCTS_DIR; };
		4E7107EE291EF3E800AAEC92 /* SnapTests.swift */ = {isa = PBXFileReference; lastKnownFileType = sourcecode.swift; path = SnapTests.swift; sourceTree = "<group>"; };
		4E7776E328F46E9C00DAEF80 /* Markology.app */ = {isa = PBXFileReference; explicitFileType = wrapper.application; includeInIndex = 0; path = Markology.app; sourceTree = BUILT_PRODUCTS_DIR; };
		4E7776EA28F46E9E00DAEF80 /* Assets.xcassets */ = {isa = PBXFileReference; lastKnownFileType = folder.assetcatalog; path = Assets.xcassets; sourceTree = "<group>"; };
		4E7776F428F46EC100DAEF80 /* AppDelegate.swift */ = {isa = PBXFileReference; lastKnownFileType = sourcecode.swift; path = AppDelegate.swift; sourceTree = "<group>"; };
		4E7776F628F46F7100DAEF80 /* Markology.entitlements */ = {isa = PBXFileReference; lastKnownFileType = text.plist.entitlements; path = Markology.entitlements; sourceTree = "<group>"; };
		4E7776F728F47D0700DAEF80 /* Engine.swift */ = {isa = PBXFileReference; lastKnownFileType = sourcecode.swift; path = Engine.swift; sourceTree = "<group>"; };
		4E77770328F486E900DAEF80 /* MenuController.swift */ = {isa = PBXFileReference; lastKnownFileType = sourcecode.swift; path = MenuController.swift; sourceTree = "<group>"; };
		4E77770528F5008C00DAEF80 /* NoteController.swift */ = {isa = PBXFileReference; lastKnownFileType = sourcecode.swift; path = NoteController.swift; sourceTree = "<group>"; };
		4E77771F28F9B42000DAEF80 /* SearchController.swift */ = {isa = PBXFileReference; lastKnownFileType = sourcecode.swift; path = SearchController.swift; sourceTree = "<group>"; };
/* End PBXFileReference section */

/* Begin PBXFrameworksBuildPhase section */
		4E5964FA291399A2000BB2EC /* Frameworks */ = {
			isa = PBXFrameworksBuildPhase;
			buildActionMask = 2147483647;
			files = (
				4E707479291669A000FB00D4 /* NotesUI in Frameworks */,
				4E70747C29166A1600FB00D4 /* Paths in Frameworks */,
			);
			runOnlyForDeploymentPostprocessing = 0;
		};
		4E7107E7291EF3E800AAEC92 /* Frameworks */ = {
			isa = PBXFrameworksBuildPhase;
			buildActionMask = 2147483647;
			files = (
			);
			runOnlyForDeploymentPostprocessing = 0;
		};
		4E7776E028F46E9C00DAEF80 /* Frameworks */ = {
			isa = PBXFrameworksBuildPhase;
			buildActionMask = 2147483647;
			files = (
				4E59A2D2291657AE0038D4C0 /* NotesUI in Frameworks */,
				4E7DBB6D2915BE2E00185CA3 /* Paths in Frameworks */,
			);
			runOnlyForDeploymentPostprocessing = 0;
		};
/* End PBXFrameworksBuildPhase section */

/* Begin PBXGroup section */
		4E5964FE291399A2000BB2EC /* Import */ = {
			isa = PBXGroup;
			children = (
				4E596508291399A2000BB2EC /* Import.entitlements */,
				4E596504291399A2000BB2EC /* Info.plist */,
				4E7074752916693600FB00D4 /* Engine.swift */,
				4E5964FF291399A2000BB2EC /* ShareController.swift */,
			);
			path = Import;
			sourceTree = "<group>";
		};
		4E59652F2913AA0A000BB2EC /* Packages */ = {
			isa = PBXGroup;
			children = (
				4E5965342913B073000BB2EC /* Swiftlets */,
			);
			name = Packages;
			sourceTree = "<group>";
		};
		4E7107EB291EF3E800AAEC92 /* MarkologyUITests */ = {
			isa = PBXGroup;
			children = (
				4E7107EE291EF3E800AAEC92 /* SnapTests.swift */,
			);
			path = MarkologyUITests;
			sourceTree = "<group>";
		};
		4E7776DA28F46E9C00DAEF80 = {
			isa = PBXGroup;
			children = (
				4E5964FE291399A2000BB2EC /* Import */,
				4E7776E528F46E9C00DAEF80 /* Markology */,
				4E59652F2913AA0A000BB2EC /* Packages */,
				4E7107EB291EF3E800AAEC92 /* MarkologyUITests */,
				4E7776E428F46E9C00DAEF80 /* Products */,
			);
			sourceTree = "<group>";
		};
		4E7776E428F46E9C00DAEF80 /* Products */ = {
			isa = PBXGroup;
			children = (
				4E7776E328F46E9C00DAEF80 /* Markology.app */,
				4E5964FD291399A2000BB2EC /* Import.appex */,
				4E7107EA291EF3E800AAEC92 /* MarkologyUITests.xctest */,
			);
			name = Products;
			sourceTree = "<group>";
		};
		4E7776E528F46E9C00DAEF80 /* Markology */ = {
			isa = PBXGroup;
			children = (
				4E7776F628F46F7100DAEF80 /* Markology.entitlements */,
				4E7107D6291EC08600AAEC92 /* Info.plist */,
				4E7776F428F46EC100DAEF80 /* AppDelegate.swift */,
				4E6B70D3296487020073977E /* EmptyController.swift */,
				4E7776F728F47D0700DAEF80 /* Engine.swift */,
				4E77770328F486E900DAEF80 /* MenuController.swift */,
				4E77770528F5008C00DAEF80 /* NoteController.swift */,
				4E6A3A6B28FF3E82005CCE32 /* NoteDocument.swift */,
				4E36BBFD2915D7EF00673B84 /* Notes+.swift */,
				4E6B70CF2964867D0073977E /* SceneDelegate.swift */,
				4E77771F28F9B42000DAEF80 /* SearchController.swift */,
				4E4583C728FBC1CA00C617BE /* SettingsController.swift */,
				4E6B70D1296486D60073977E /* SplitController.swift */,
				4E7776EA28F46E9E00DAEF80 /* Assets.xcassets */,
			);
			path = Markology;
			sourceTree = "<group>";
		};
/* End PBXGroup section */

/* Begin PBXNativeTarget section */
		4E5964FC291399A2000BB2EC /* Import */ = {
			isa = PBXNativeTarget;
			buildConfigurationList = 4E596509291399A2000BB2EC /* Build configuration list for PBXNativeTarget "Import" */;
			buildPhases = (
				4E5964F9291399A2000BB2EC /* Sources */,
				4E5964FA291399A2000BB2EC /* Frameworks */,
				4E5964FB291399A2000BB2EC /* Resources */,
			);
			buildRules = (
			);
			dependencies = (
			);
			name = Import;
			packageProductDependencies = (
				4E707478291669A000FB00D4 /* NotesUI */,
				4E70747B29166A1600FB00D4 /* Paths */,
			);
			productName = Import;
			productReference = 4E5964FD291399A2000BB2EC /* Import.appex */;
			productType = "com.apple.product-type.app-extension";
		};
		4E7107E9291EF3E800AAEC92 /* MarkologyUITests */ = {
			isa = PBXNativeTarget;
			buildConfigurationList = 4E7107F4291EF3E800AAEC92 /* Build configuration list for PBXNativeTarget "MarkologyUITests" */;
			buildPhases = (
				4E7107E6291EF3E800AAEC92 /* Sources */,
				4E7107E7291EF3E800AAEC92 /* Frameworks */,
				4E7107E8291EF3E800AAEC92 /* Resources */,
			);
			buildRules = (
			);
			dependencies = (
				4E7107F1291EF3E800AAEC92 /* PBXTargetDependency */,
			);
			name = MarkologyUITests;
			productName = MarkologyUITests;
			productReference = 4E7107EA291EF3E800AAEC92 /* MarkologyUITests.xctest */;
			productType = "com.apple.product-type.bundle.ui-testing";
		};
		4E7776E228F46E9C00DAEF80 /* Markology */ = {
			isa = PBXNativeTarget;
			buildConfigurationList = 4E7776F128F46E9E00DAEF80 /* Build configuration list for PBXNativeTarget "Markology" */;
			buildPhases = (
				4E7776DF28F46E9C00DAEF80 /* Sources */,
				4E7776E028F46E9C00DAEF80 /* Frameworks */,
				4E7776E128F46E9C00DAEF80 /* Resources */,
				4E7776FD28F47D6600DAEF80 /* Embed Frameworks */,
				4E59650C291399A2000BB2EC /* Embed Foundation Extensions */,
			);
			buildRules = (
			);
			dependencies = (
				4E596506291399A2000BB2EC /* PBXTargetDependency */,
			);
			name = Markology;
			packageProductDependencies = (
				4E7DBB6C2915BE2E00185CA3 /* Paths */,
				4E59A2D1291657AE0038D4C0 /* NotesUI */,
			);
			productName = Markology;
			productReference = 4E7776E328F46E9C00DAEF80 /* Markology.app */;
			productType = "com.apple.product-type.application";
		};
/* End PBXNativeTarget section */

/* Begin PBXProject section */
		4E7776DB28F46E9C00DAEF80 /* Project object */ = {
			isa = PBXProject;
			attributes = {
				BuildIndependentTargetsInParallel = 1;
				LastSwiftUpdateCheck = 1410;
				LastUpgradeCheck = 1400;
				TargetAttributes = {
					4E5964FC291399A2000BB2EC = {
						CreatedOnToolsVersion = 14.0.1;
					};
					4E7107E9291EF3E800AAEC92 = {
						CreatedOnToolsVersion = 14.1;
						TestTargetID = 4E7776E228F46E9C00DAEF80;
					};
					4E7776E228F46E9C00DAEF80 = {
						CreatedOnToolsVersion = 14.0.1;
					};
				};
			};
			buildConfigurationList = 4E7776DE28F46E9C00DAEF80 /* Build configuration list for PBXProject "Markology" */;
			compatibilityVersion = "Xcode 14.0";
			developmentRegion = en;
			hasScannedForEncodings = 0;
			knownRegions = (
				en,
				Base,
			);
			mainGroup = 4E7776DA28F46E9C00DAEF80;
			packageReferences = (
				4E9E65542915E6D10035D4FC /* XCRemoteSwiftPackageReference "GRDB" */,
				4E9E65572915E6DF0035D4FC /* XCRemoteSwiftPackageReference "swift-markdown" */,
			);
			productRefGroup = 4E7776E428F46E9C00DAEF80 /* Products */;
			projectDirPath = "";
			projectRoot = "";
			targets = (
				4E7776E228F46E9C00DAEF80 /* Markology */,
				4E5964FC291399A2000BB2EC /* Import */,
				4E7107E9291EF3E800AAEC92 /* MarkologyUITests */,
			);
		};
/* End PBXProject section */

/* Begin PBXResourcesBuildPhase section */
		4E5964FB291399A2000BB2EC /* Resources */ = {
			isa = PBXResourcesBuildPhase;
			buildActionMask = 2147483647;
			files = (
			);
			runOnlyForDeploymentPostprocessing = 0;
		};
		4E7107E8291EF3E800AAEC92 /* Resources */ = {
			isa = PBXResourcesBuildPhase;
			buildActionMask = 2147483647;
			files = (
			);
			runOnlyForDeploymentPostprocessing = 0;
		};
		4E7776E128F46E9C00DAEF80 /* Resources */ = {
			isa = PBXResourcesBuildPhase;
			buildActionMask = 2147483647;
			files = (
				4E7776EB28F46E9E00DAEF80 /* Assets.xcassets in Resources */,
			);
			runOnlyForDeploymentPostprocessing = 0;
		};
/* End PBXResourcesBuildPhase section */

/* Begin PBXSourcesBuildPhase section */
		4E5964F9291399A2000BB2EC /* Sources */ = {
			isa = PBXSourcesBuildPhase;
			buildActionMask = 2147483647;
			files = (
				4E596500291399A2000BB2EC /* ShareController.swift in Sources */,
				4E7074762916693600FB00D4 /* Engine.swift in Sources */,
			);
			runOnlyForDeploymentPostprocessing = 0;
		};
		4E7107E6291EF3E800AAEC92 /* Sources */ = {
			isa = PBXSourcesBuildPhase;
			buildActionMask = 2147483647;
			files = (
				4E7107EF291EF3E800AAEC92 /* SnapTests.swift in Sources */,
			);
			runOnlyForDeploymentPostprocessing = 0;
		};
		4E7776DF28F46E9C00DAEF80 /* Sources */ = {
			isa = PBXSourcesBuildPhase;
			buildActionMask = 2147483647;
			files = (
				4E6A3A6C28FF3E82005CCE32 /* NoteDocument.swift in Sources */,
				4E77772028F9B42000DAEF80 /* SearchController.swift in Sources */,
				4E6B70D4296487020073977E /* EmptyController.swift in Sources */,
				4E6B70D2296486D60073977E /* SplitController.swift in Sources */,
				4E6B70D02964867D0073977E /* SceneDelegate.swift in Sources */,
				4E4583C828FBC1CA00C617BE /* SettingsController.swift in Sources */,
				4E36BBFE2915D7EF00673B84 /* Notes+.swift in Sources */,
				4E77770428F486E900DAEF80 /* MenuController.swift in Sources */,
				4E7776F528F46EC100DAEF80 /* AppDelegate.swift in Sources */,
				4E7776F828F47D0700DAEF80 /* Engine.swift in Sources */,
				4E77770628F5008C00DAEF80 /* NoteController.swift in Sources */,
			);
			runOnlyForDeploymentPostprocessing = 0;
		};
/* End PBXSourcesBuildPhase section */

/* Begin PBXTargetDependency section */
		4E596506291399A2000BB2EC /* PBXTargetDependency */ = {
			isa = PBXTargetDependency;
			target = 4E5964FC291399A2000BB2EC /* Import */;
			targetProxy = 4E596505291399A2000BB2EC /* PBXContainerItemProxy */;
		};
		4E7107F1291EF3E800AAEC92 /* PBXTargetDependency */ = {
			isa = PBXTargetDependency;
			target = 4E7776E228F46E9C00DAEF80 /* Markology */;
			targetProxy = 4E7107F0291EF3E800AAEC92 /* PBXContainerItemProxy */;
		};
/* End PBXTargetDependency section */

/* Begin XCBuildConfiguration section */
		4E59650A291399A2000BB2EC /* Debug */ = {
			isa = XCBuildConfiguration;
			buildSettings = {
				CODE_SIGN_ENTITLEMENTS = Import/Import.entitlements;
				CODE_SIGN_STYLE = Automatic;
				GENERATE_INFOPLIST_FILE = YES;
				INFOPLIST_FILE = Import/Info.plist;
				INFOPLIST_KEY_CFBundleDisplayName = Markology;
				LD_RUNPATH_SEARCH_PATHS = (
					"$(inherited)",
					"@executable_path/Frameworks",
					"@executable_path/../../Frameworks",
				);
				PRODUCT_BUNDLE_IDENTIFIER = club.idk.Markology.Import;
				PRODUCT_NAME = "$(TARGET_NAME)";
				SKIP_INSTALL = YES;
				SUPPORTS_MACCATALYST = YES;
				SUPPORTS_MAC_DESIGNED_FOR_IPHONE_IPAD = NO;
				SWIFT_EMIT_LOC_STRINGS = YES;
			};
			name = Debug;
		};
		4E59650B291399A2000BB2EC /* Release */ = {
			isa = XCBuildConfiguration;
			buildSettings = {
				CODE_SIGN_ENTITLEMENTS = Import/Import.entitlements;
				CODE_SIGN_STYLE = Automatic;
				GENERATE_INFOPLIST_FILE = YES;
				INFOPLIST_FILE = Import/Info.plist;
				INFOPLIST_KEY_CFBundleDisplayName = Markology;
				LD_RUNPATH_SEARCH_PATHS = (
					"$(inherited)",
					"@executable_path/Frameworks",
					"@executable_path/../../Frameworks",
				);
				PRODUCT_BUNDLE_IDENTIFIER = club.idk.Markology.Import;
				PRODUCT_NAME = "$(TARGET_NAME)";
				SKIP_INSTALL = YES;
				SUPPORTS_MACCATALYST = YES;
				SUPPORTS_MAC_DESIGNED_FOR_IPHONE_IPAD = NO;
				SWIFT_EMIT_LOC_STRINGS = YES;
			};
			name = Release;
		};
		4E7107F2291EF3E800AAEC92 /* Debug */ = {
			isa = XCBuildConfiguration;
			buildSettings = {
				CODE_SIGN_STYLE = Automatic;
				GENERATE_INFOPLIST_FILE = YES;
				PRODUCT_BUNDLE_IDENTIFIER = club.idk.MarkologyUITests;
				PRODUCT_NAME = "$(TARGET_NAME)";
				TEST_TARGET_NAME = Markology;
			};
			name = Debug;
		};
		4E7107F3291EF3E800AAEC92 /* Release */ = {
			isa = XCBuildConfiguration;
			buildSettings = {
				CODE_SIGN_STYLE = Automatic;
				GENERATE_INFOPLIST_FILE = YES;
				PRODUCT_BUNDLE_IDENTIFIER = club.idk.MarkologyUITests;
				PRODUCT_NAME = "$(TARGET_NAME)";
				TEST_TARGET_NAME = Markology;
			};
			name = Release;
		};
		4E7776EF28F46E9E00DAEF80 /* Debug */ = {
			isa = XCBuildConfiguration;
			buildSettings = {
				ALWAYS_SEARCH_USER_PATHS = NO;
				CLANG_ANALYZER_NONNULL = YES;
				CLANG_ANALYZER_NUMBER_OBJECT_CONVERSION = YES_AGGRESSIVE;
				CLANG_CXX_LANGUAGE_STANDARD = "gnu++20";
				CLANG_ENABLE_MODULES = YES;
				CLANG_ENABLE_OBJC_ARC = YES;
				CLANG_ENABLE_OBJC_WEAK = YES;
				CLANG_WARN_BLOCK_CAPTURE_AUTORELEASING = YES;
				CLANG_WARN_BOOL_CONVERSION = YES;
				CLANG_WARN_COMMA = YES;
				CLANG_WARN_CONSTANT_CONVERSION = YES;
				CLANG_WARN_DEPRECATED_OBJC_IMPLEMENTATIONS = YES;
				CLANG_WARN_DIRECT_OBJC_ISA_USAGE = YES_ERROR;
				CLANG_WARN_DOCUMENTATION_COMMENTS = YES;
				CLANG_WARN_EMPTY_BODY = YES;
				CLANG_WARN_ENUM_CONVERSION = YES;
				CLANG_WARN_INFINITE_RECURSION = YES;
				CLANG_WARN_INT_CONVERSION = YES;
				CLANG_WARN_NON_LITERAL_NULL_CONVERSION = YES;
				CLANG_WARN_OBJC_IMPLICIT_RETAIN_SELF = YES;
				CLANG_WARN_OBJC_LITERAL_CONVERSION = YES;
				CLANG_WARN_OBJC_ROOT_CLASS = YES_ERROR;
				CLANG_WARN_QUOTED_INCLUDE_IN_FRAMEWORK_HEADER = YES;
				CLANG_WARN_RANGE_LOOP_ANALYSIS = YES;
				CLANG_WARN_STRICT_PROTOTYPES = YES;
				CLANG_WARN_SUSPICIOUS_MOVE = YES;
				CLANG_WARN_UNGUARDED_AVAILABILITY = YES_AGGRESSIVE;
				CLANG_WARN_UNREACHABLE_CODE = YES;
				CLANG_WARN__DUPLICATE_METHOD_MATCH = YES;
				COPY_PHASE_STRIP = NO;
				CURRENT_PROJECT_VERSION = 20;
				DEBUG_INFORMATION_FORMAT = dwarf;
				DEVELOPMENT_TEAM = UY7W2B5KJ6;
				ENABLE_STRICT_OBJC_MSGSEND = YES;
				ENABLE_TESTABILITY = YES;
				GCC_C_LANGUAGE_STANDARD = gnu11;
				GCC_DYNAMIC_NO_PIC = NO;
				GCC_NO_COMMON_BLOCKS = YES;
				GCC_OPTIMIZATION_LEVEL = 0;
				GCC_PREPROCESSOR_DEFINITIONS = (
					"DEBUG=1",
					"$(inherited)",
				);
				GCC_WARN_64_TO_32_BIT_CONVERSION = YES;
				GCC_WARN_ABOUT_RETURN_TYPE = YES_ERROR;
				GCC_WARN_UNDECLARED_SELECTOR = YES;
				GCC_WARN_UNINITIALIZED_AUTOS = YES_AGGRESSIVE;
				GCC_WARN_UNUSED_FUNCTION = YES;
				GCC_WARN_UNUSED_VARIABLE = YES;
				IPHONEOS_DEPLOYMENT_TARGET = 15.0;
				MARKETING_VERSION = 2.0;
				MTL_ENABLE_DEBUG_INFO = INCLUDE_SOURCE;
				MTL_FAST_MATH = YES;
				ONLY_ACTIVE_ARCH = YES;
				SDKROOT = iphoneos;
				SWIFT_ACTIVE_COMPILATION_CONDITIONS = DEBUG;
				SWIFT_OPTIMIZATION_LEVEL = "-Onone";
				SWIFT_VERSION = 5.0;
				TARGETED_DEVICE_FAMILY = "1,2";
			};
			name = Debug;
		};
		4E7776F028F46E9E00DAEF80 /* Release */ = {
			isa = XCBuildConfiguration;
			buildSettings = {
				ALWAYS_SEARCH_USER_PATHS = NO;
				CLANG_ANALYZER_NONNULL = YES;
				CLANG_ANALYZER_NUMBER_OBJECT_CONVERSION = YES_AGGRESSIVE;
				CLANG_CXX_LANGUAGE_STANDARD = "gnu++20";
				CLANG_ENABLE_MODULES = YES;
				CLANG_ENABLE_OBJC_ARC = YES;
				CLANG_ENABLE_OBJC_WEAK = YES;
				CLANG_WARN_BLOCK_CAPTURE_AUTORELEASING = YES;
				CLANG_WARN_BOOL_CONVERSION = YES;
				CLANG_WARN_COMMA = YES;
				CLANG_WARN_CONSTANT_CONVERSION = YES;
				CLANG_WARN_DEPRECATED_OBJC_IMPLEMENTATIONS = YES;
				CLANG_WARN_DIRECT_OBJC_ISA_USAGE = YES_ERROR;
				CLANG_WARN_DOCUMENTATION_COMMENTS = YES;
				CLANG_WARN_EMPTY_BODY = YES;
				CLANG_WARN_ENUM_CONVERSION = YES;
				CLANG_WARN_INFINITE_RECURSION = YES;
				CLANG_WARN_INT_CONVERSION = YES;
				CLANG_WARN_NON_LITERAL_NULL_CONVERSION = YES;
				CLANG_WARN_OBJC_IMPLICIT_RETAIN_SELF = YES;
				CLANG_WARN_OBJC_LITERAL_CONVERSION = YES;
				CLANG_WARN_OBJC_ROOT_CLASS = YES_ERROR;
				CLANG_WARN_QUOTED_INCLUDE_IN_FRAMEWORK_HEADER = YES;
				CLANG_WARN_RANGE_LOOP_ANALYSIS = YES;
				CLANG_WARN_STRICT_PROTOTYPES = YES;
				CLANG_WARN_SUSPICIOUS_MOVE = YES;
				CLANG_WARN_UNGUARDED_AVAILABILITY = YES_AGGRESSIVE;
				CLANG_WARN_UNREACHABLE_CODE = YES;
				CLANG_WARN__DUPLICATE_METHOD_MATCH = YES;
				COPY_PHASE_STRIP = NO;
				CURRENT_PROJECT_VERSION = 20;
				DEBUG_INFORMATION_FORMAT = "dwarf-with-dsym";
				DEVELOPMENT_TEAM = UY7W2B5KJ6;
				ENABLE_NS_ASSERTIONS = NO;
				ENABLE_STRICT_OBJC_MSGSEND = YES;
				GCC_C_LANGUAGE_STANDARD = gnu11;
				GCC_NO_COMMON_BLOCKS = YES;
				GCC_WARN_64_TO_32_BIT_CONVERSION = YES;
				GCC_WARN_ABOUT_RETURN_TYPE = YES_ERROR;
				GCC_WARN_UNDECLARED_SELECTOR = YES;
				GCC_WARN_UNINITIALIZED_AUTOS = YES_AGGRESSIVE;
				GCC_WARN_UNUSED_FUNCTION = YES;
				GCC_WARN_UNUSED_VARIABLE = YES;
				IPHONEOS_DEPLOYMENT_TARGET = 15.0;
				MARKETING_VERSION = 2.0;
				MTL_ENABLE_DEBUG_INFO = NO;
				MTL_FAST_MATH = YES;
				SDKROOT = iphoneos;
				SWIFT_COMPILATION_MODE = wholemodule;
				SWIFT_OPTIMIZATION_LEVEL = "-O";
				SWIFT_VERSION = 5.0;
				TARGETED_DEVICE_FAMILY = "1,2";
				VALIDATE_PRODUCT = YES;
			};
			name = Release;
		};
		4E7776F228F46E9E00DAEF80 /* Debug */ = {
			isa = XCBuildConfiguration;
			buildSettings = {
				ALWAYS_EMBED_SWIFT_STANDARD_LIBRARIES = YES;
				ASSETCATALOG_COMPILER_APPICON_NAME = AppIcon;
				ASSETCATALOG_COMPILER_GLOBAL_ACCENT_COLOR_NAME = AccentColor;
				CODE_SIGN_ENTITLEMENTS = Markology/Markology.entitlements;
				GENERATE_INFOPLIST_FILE = YES;
				INFOPLIST_FILE = Markology/Info.plist;
				INFOPLIST_KEY_UIApplicationSceneManifest_Generation = YES;
				INFOPLIST_KEY_UIApplicationSupportsIndirectInputEvents = YES;
				INFOPLIST_KEY_UISupportedInterfaceOrientations_iPad = "UIInterfaceOrientationPortrait UIInterfaceOrientationPortraitUpsideDown UIInterfaceOrientationLandscapeLeft UIInterfaceOrientationLandscapeRight";
				INFOPLIST_KEY_UISupportedInterfaceOrientations_iPhone = "UIInterfaceOrientationPortrait UIInterfaceOrientationLandscapeLeft UIInterfaceOrientationLandscapeRight";
				LD_RUNPATH_SEARCH_PATHS = (
					"$(inherited)",
					"@executable_path/Frameworks",
				);
				PRODUCT_BUNDLE_IDENTIFIER = club.idk.Markology;
				PRODUCT_NAME = "$(TARGET_NAME)";
				SUPPORTS_MACCATALYST = YES;
				SUPPORTS_MAC_DESIGNED_FOR_IPHONE_IPAD = NO;
				SWIFT_EMIT_LOC_STRINGS = YES;
			};
			name = Debug;
		};
		4E7776F328F46E9E00DAEF80 /* Release */ = {
			isa = XCBuildConfiguration;
			buildSettings = {
				ALWAYS_EMBED_SWIFT_STANDARD_LIBRARIES = YES;
				ASSETCATALOG_COMPILER_APPICON_NAME = AppIcon;
				ASSETCATALOG_COMPILER_GLOBAL_ACCENT_COLOR_NAME = AccentColor;
				CODE_SIGN_ENTITLEMENTS = Markology/Markology.entitlements;
				GENERATE_INFOPLIST_FILE = YES;
				INFOPLIST_FILE = Markology/Info.plist;
				INFOPLIST_KEY_UIApplicationSceneManifest_Generation = YES;
				INFOPLIST_KEY_UIApplicationSupportsIndirectInputEvents = YES;
				INFOPLIST_KEY_UISupportedInterfaceOrientations_iPad = "UIInterfaceOrientationPortrait UIInterfaceOrientationPortraitUpsideDown UIInterfaceOrientationLandscapeLeft UIInterfaceOrientationLandscapeRight";
				INFOPLIST_KEY_UISupportedInterfaceOrientations_iPhone = "UIInterfaceOrientationPortrait UIInterfaceOrientationLandscapeLeft UIInterfaceOrientationLandscapeRight";
				LD_RUNPATH_SEARCH_PATHS = (
					"$(inherited)",
					"@executable_path/Frameworks",
				);
				PRODUCT_BUNDLE_IDENTIFIER = club.idk.Markology;
				PRODUCT_NAME = "$(TARGET_NAME)";
				SUPPORTS_MACCATALYST = YES;
				SUPPORTS_MAC_DESIGNED_FOR_IPHONE_IPAD = NO;
				SWIFT_EMIT_LOC_STRINGS = YES;
			};
			name = Release;
		};
/* End XCBuildConfiguration section */

/* Begin XCConfigurationList section */
		4E596509291399A2000BB2EC /* Build configuration list for PBXNativeTarget "Import" */ = {
			isa = XCConfigurationList;
			buildConfigurations = (
				4E59650A291399A2000BB2EC /* Debug */,
				4E59650B291399A2000BB2EC /* Release */,
			);
			defaultConfigurationIsVisible = 0;
			defaultConfigurationName = Release;
		};
		4E7107F4291EF3E800AAEC92 /* Build configuration list for PBXNativeTarget "MarkologyUITests" */ = {
			isa = XCConfigurationList;
			buildConfigurations = (
				4E7107F2291EF3E800AAEC92 /* Debug */,
				4E7107F3291EF3E800AAEC92 /* Release */,
			);
			defaultConfigurationIsVisible = 0;
			defaultConfigurationName = Release;
		};
		4E7776DE28F46E9C00DAEF80 /* Build configuration list for PBXProject "Markology" */ = {
			isa = XCConfigurationList;
			buildConfigurations = (
				4E7776EF28F46E9E00DAEF80 /* Debug */,
				4E7776F028F46E9E00DAEF80 /* Release */,
			);
			defaultConfigurationIsVisible = 0;
			defaultConfigurationName = Release;
		};
		4E7776F128F46E9E00DAEF80 /* Build configuration list for PBXNativeTarget "Markology" */ = {
			isa = XCConfigurationList;
			buildConfigurations = (
				4E7776F228F46E9E00DAEF80 /* Debug */,
				4E7776F328F46E9E00DAEF80 /* Release */,
			);
			defaultConfigurationIsVisible = 0;
			defaultConfigurationName = Release;
		};
/* End XCConfigurationList section */

/* Begin XCRemoteSwiftPackageReference section */
		4E9E65542915E6D10035D4FC /* XCRemoteSwiftPackageReference "GRDB" */ = {
			isa = XCRemoteSwiftPackageReference;
			repositoryURL = "https://github.com/idkclub/GRDB.swift";
			requirement = {
				branch = fts5;
				kind = branch;
			};
		};
		4E9E65572915E6DF0035D4FC /* XCRemoteSwiftPackageReference "swift-markdown" */ = {
			isa = XCRemoteSwiftPackageReference;
			repositoryURL = "https://github.com/apple/swift-markdown";
			requirement = {
				branch = main;
				kind = branch;
			};
		};
/* End XCRemoteSwiftPackageReference section */

/* Begin XCSwiftPackageProductDependency section */
		4E59A2D1291657AE0038D4C0 /* NotesUI */ = {
			isa = XCSwiftPackageProductDependency;
			productName = NotesUI;
		};
		4E707478291669A000FB00D4 /* NotesUI */ = {
			isa = XCSwiftPackageProductDependency;
			productName = NotesUI;
		};
		4E70747B29166A1600FB00D4 /* Paths */ = {
			isa = XCSwiftPackageProductDependency;
			productName = Paths;
		};
		4E7DBB6C2915BE2E00185CA3 /* Paths */ = {
			isa = XCSwiftPackageProductDependency;
			productName = Paths;
		};
/* End XCSwiftPackageProductDependency section */
	};
	rootObject = 4E7776DB28F46E9C00DAEF80 /* Project object */;
}
