// !$*UTF8*$!
{
	archiveVersion = 1;
	classes = {
	};
	objectVersion = 56;
	objects = {

/* Begin PBXBuildFile section */
		4E4583BB28FA88CB00C617BE /* String+.swift in Sources */ = {isa = PBXBuildFile; fileRef = 4E4583BA28FA88CB00C617BE /* String+.swift */; };
		4E4583BD28FA899100C617BE /* Markdown+.swift in Sources */ = {isa = PBXBuildFile; fileRef = 4E4583BC28FA899100C617BE /* Markdown+.swift */; };
		4E4583BF28FA8A4000C617BE /* EditVisitor.swift in Sources */ = {isa = PBXBuildFile; fileRef = 4E4583BE28FA8A4000C617BE /* EditVisitor.swift */; };
		4E4583C128FA8ABD00C617BE /* NoteVisitor.swift in Sources */ = {isa = PBXBuildFile; fileRef = 4E4583C028FA8ABD00C617BE /* NoteVisitor.swift */; };
		4E4583C328FA8EA700C617BE /* EditCell.swift in Sources */ = {isa = PBXBuildFile; fileRef = 4E4583C228FA8EA700C617BE /* EditCell.swift */; };
		4E4583C628FBB93800C617BE /* Paths.swift in Sources */ = {isa = PBXBuildFile; fileRef = 4E4583C528FBB93800C617BE /* Paths.swift */; };
		4E4583C828FBC1CA00C617BE /* SettingsController.swift in Sources */ = {isa = PBXBuildFile; fileRef = 4E4583C728FBC1CA00C617BE /* SettingsController.swift */; };
		4E6A3A6A28FF1082005CCE32 /* NoteCell.swift in Sources */ = {isa = PBXBuildFile; fileRef = 4E6A3A6928FF1082005CCE32 /* NoteCell.swift */; };
		4E6A3A6C28FF3E82005CCE32 /* NoteDocument.swift in Sources */ = {isa = PBXBuildFile; fileRef = 4E6A3A6B28FF3E82005CCE32 /* NoteDocument.swift */; };
		4E7776EB28F46E9E00DAEF80 /* Assets.xcassets in Resources */ = {isa = PBXBuildFile; fileRef = 4E7776EA28F46E9E00DAEF80 /* Assets.xcassets */; };
		4E7776F528F46EC100DAEF80 /* AppDelegate.swift in Sources */ = {isa = PBXBuildFile; fileRef = 4E7776F428F46EC100DAEF80 /* AppDelegate.swift */; };
		4E7776F828F47D0700DAEF80 /* Engine.swift in Sources */ = {isa = PBXBuildFile; fileRef = 4E7776F728F47D0700DAEF80 /* Engine.swift */; };
		4E77770028F47F0E00DAEF80 /* Markdown in Frameworks */ = {isa = PBXBuildFile; productRef = 4E7776FF28F47F0E00DAEF80 /* Markdown */; };
		4E77770228F481F700DAEF80 /* Note.swift in Sources */ = {isa = PBXBuildFile; fileRef = 4E77770128F481F700DAEF80 /* Note.swift */; };
		4E77770428F486E900DAEF80 /* MenuController.swift in Sources */ = {isa = PBXBuildFile; fileRef = 4E77770328F486E900DAEF80 /* MenuController.swift */; };
		4E77770628F5008C00DAEF80 /* NoteController.swift in Sources */ = {isa = PBXBuildFile; fileRef = 4E77770528F5008C00DAEF80 /* NoteController.swift */; };
		4E77770828F500C600DAEF80 /* UIKit+.swift in Sources */ = {isa = PBXBuildFile; fileRef = 4E77770728F500C600DAEF80 /* UIKit+.swift */; };
		4E77771228F6237800DAEF80 /* TextView.swift in Sources */ = {isa = PBXBuildFile; fileRef = 4E77771128F6237800DAEF80 /* TextView.swift */; };
		4E77771B28F732EC00DAEF80 /* GRDB-dynamic in Frameworks */ = {isa = PBXBuildFile; productRef = 4E77771A28F732EC00DAEF80 /* GRDB-dynamic */; };
		4E77771C28F7330600DAEF80 /* GRDB-dynamic in Embed Frameworks */ = {isa = PBXBuildFile; productRef = 4E77771A28F732EC00DAEF80 /* GRDB-dynamic */; settings = {ATTRIBUTES = (CodeSignOnCopy, ); }; };
		4E77772028F9B42000DAEF80 /* SearchController.swift in Sources */ = {isa = PBXBuildFile; fileRef = 4E77771F28F9B42000DAEF80 /* SearchController.swift */; };
/* End PBXBuildFile section */

/* Begin PBXCopyFilesBuildPhase section */
		4E7776FD28F47D6600DAEF80 /* Embed Frameworks */ = {
			isa = PBXCopyFilesBuildPhase;
			buildActionMask = 2147483647;
			dstPath = "";
			dstSubfolderSpec = 10;
			files = (
				4E77771C28F7330600DAEF80 /* GRDB-dynamic in Embed Frameworks */,
			);
			name = "Embed Frameworks";
			runOnlyForDeploymentPostprocessing = 0;
		};
/* End PBXCopyFilesBuildPhase section */

/* Begin PBXFileReference section */
		4E4583BA28FA88CB00C617BE /* String+.swift */ = {isa = PBXFileReference; lastKnownFileType = sourcecode.swift; path = "String+.swift"; sourceTree = "<group>"; };
		4E4583BC28FA899100C617BE /* Markdown+.swift */ = {isa = PBXFileReference; lastKnownFileType = sourcecode.swift; path = "Markdown+.swift"; sourceTree = "<group>"; };
		4E4583BE28FA8A4000C617BE /* EditVisitor.swift */ = {isa = PBXFileReference; lastKnownFileType = sourcecode.swift; path = EditVisitor.swift; sourceTree = "<group>"; };
		4E4583C028FA8ABD00C617BE /* NoteVisitor.swift */ = {isa = PBXFileReference; lastKnownFileType = sourcecode.swift; path = NoteVisitor.swift; sourceTree = "<group>"; };
		4E4583C228FA8EA700C617BE /* EditCell.swift */ = {isa = PBXFileReference; lastKnownFileType = sourcecode.swift; path = EditCell.swift; sourceTree = "<group>"; };
		4E4583C528FBB93800C617BE /* Paths.swift */ = {isa = PBXFileReference; lastKnownFileType = sourcecode.swift; path = Paths.swift; sourceTree = "<group>"; };
		4E4583C728FBC1CA00C617BE /* SettingsController.swift */ = {isa = PBXFileReference; lastKnownFileType = sourcecode.swift; path = SettingsController.swift; sourceTree = "<group>"; };
		4E6A3A6928FF1082005CCE32 /* NoteCell.swift */ = {isa = PBXFileReference; lastKnownFileType = sourcecode.swift; path = NoteCell.swift; sourceTree = "<group>"; };
		4E6A3A6B28FF3E82005CCE32 /* NoteDocument.swift */ = {isa = PBXFileReference; lastKnownFileType = sourcecode.swift; path = NoteDocument.swift; sourceTree = "<group>"; };
		4E7776E328F46E9C00DAEF80 /* Markology.app */ = {isa = PBXFileReference; explicitFileType = wrapper.application; includeInIndex = 0; path = Markology.app; sourceTree = BUILT_PRODUCTS_DIR; };
		4E7776EA28F46E9E00DAEF80 /* Assets.xcassets */ = {isa = PBXFileReference; lastKnownFileType = folder.assetcatalog; path = Assets.xcassets; sourceTree = "<group>"; };
		4E7776F428F46EC100DAEF80 /* AppDelegate.swift */ = {isa = PBXFileReference; lastKnownFileType = sourcecode.swift; path = AppDelegate.swift; sourceTree = "<group>"; };
		4E7776F628F46F7100DAEF80 /* Markology.entitlements */ = {isa = PBXFileReference; lastKnownFileType = text.plist.entitlements; path = Markology.entitlements; sourceTree = "<group>"; };
		4E7776F728F47D0700DAEF80 /* Engine.swift */ = {isa = PBXFileReference; lastKnownFileType = sourcecode.swift; path = Engine.swift; sourceTree = "<group>"; };
		4E77770128F481F700DAEF80 /* Note.swift */ = {isa = PBXFileReference; lastKnownFileType = sourcecode.swift; path = Note.swift; sourceTree = "<group>"; };
		4E77770328F486E900DAEF80 /* MenuController.swift */ = {isa = PBXFileReference; lastKnownFileType = sourcecode.swift; path = MenuController.swift; sourceTree = "<group>"; };
		4E77770528F5008C00DAEF80 /* NoteController.swift */ = {isa = PBXFileReference; lastKnownFileType = sourcecode.swift; path = NoteController.swift; sourceTree = "<group>"; };
		4E77770728F500C600DAEF80 /* UIKit+.swift */ = {isa = PBXFileReference; lastKnownFileType = sourcecode.swift; path = "UIKit+.swift"; sourceTree = "<group>"; };
		4E77771128F6237800DAEF80 /* TextView.swift */ = {isa = PBXFileReference; lastKnownFileType = sourcecode.swift; path = TextView.swift; sourceTree = "<group>"; };
		4E77771F28F9B42000DAEF80 /* SearchController.swift */ = {isa = PBXFileReference; lastKnownFileType = sourcecode.swift; path = SearchController.swift; sourceTree = "<group>"; };
/* End PBXFileReference section */

/* Begin PBXFrameworksBuildPhase section */
		4E7776E028F46E9C00DAEF80 /* Frameworks */ = {
			isa = PBXFrameworksBuildPhase;
			buildActionMask = 2147483647;
			files = (
				4E77770028F47F0E00DAEF80 /* Markdown in Frameworks */,
				4E77771B28F732EC00DAEF80 /* GRDB-dynamic in Frameworks */,
			);
			runOnlyForDeploymentPostprocessing = 0;
		};
/* End PBXFrameworksBuildPhase section */

/* Begin PBXGroup section */
		4E7776DA28F46E9C00DAEF80 = {
			isa = PBXGroup;
			children = (
				4E7776E528F46E9C00DAEF80 /* Markology */,
				4E7776E428F46E9C00DAEF80 /* Products */,
			);
			sourceTree = "<group>";
		};
		4E7776E428F46E9C00DAEF80 /* Products */ = {
			isa = PBXGroup;
			children = (
				4E7776E328F46E9C00DAEF80 /* Markology.app */,
			);
			name = Products;
			sourceTree = "<group>";
		};
		4E7776E528F46E9C00DAEF80 /* Markology */ = {
			isa = PBXGroup;
			children = (
				4E7776F628F46F7100DAEF80 /* Markology.entitlements */,
				4E7776F428F46EC100DAEF80 /* AppDelegate.swift */,
				4E4583C228FA8EA700C617BE /* EditCell.swift */,
				4E4583BE28FA8A4000C617BE /* EditVisitor.swift */,
				4E7776F728F47D0700DAEF80 /* Engine.swift */,
				4E4583BC28FA899100C617BE /* Markdown+.swift */,
				4E77770328F486E900DAEF80 /* MenuController.swift */,
				4E77770128F481F700DAEF80 /* Note.swift */,
				4E6A3A6928FF1082005CCE32 /* NoteCell.swift */,
				4E77770528F5008C00DAEF80 /* NoteController.swift */,
				4E6A3A6B28FF3E82005CCE32 /* NoteDocument.swift */,
				4E4583C028FA8ABD00C617BE /* NoteVisitor.swift */,
				4E4583C528FBB93800C617BE /* Paths.swift */,
				4E77771F28F9B42000DAEF80 /* SearchController.swift */,
				4E4583C728FBC1CA00C617BE /* SettingsController.swift */,
				4E4583BA28FA88CB00C617BE /* String+.swift */,
				4E77771128F6237800DAEF80 /* TextView.swift */,
				4E77770728F500C600DAEF80 /* UIKit+.swift */,
				4E7776EA28F46E9E00DAEF80 /* Assets.xcassets */,
			);
			path = Markology;
			sourceTree = "<group>";
		};
/* End PBXGroup section */

/* Begin PBXNativeTarget section */
		4E7776E228F46E9C00DAEF80 /* Markology */ = {
			isa = PBXNativeTarget;
			buildConfigurationList = 4E7776F128F46E9E00DAEF80 /* Build configuration list for PBXNativeTarget "Markology" */;
			buildPhases = (
				4E7776DF28F46E9C00DAEF80 /* Sources */,
				4E7776E028F46E9C00DAEF80 /* Frameworks */,
				4E7776E128F46E9C00DAEF80 /* Resources */,
				4E7776FD28F47D6600DAEF80 /* Embed Frameworks */,
			);
			buildRules = (
			);
			dependencies = (
			);
			name = Markology;
			packageProductDependencies = (
				4E7776FF28F47F0E00DAEF80 /* Markdown */,
				4E77771A28F732EC00DAEF80 /* GRDB-dynamic */,
			);
			productName = Markology;
			productReference = 4E7776E328F46E9C00DAEF80 /* Markology.app */;
			productType = "com.apple.product-type.application";
		};
/* End PBXNativeTarget section */

/* Begin PBXProject section */
		4E7776DB28F46E9C00DAEF80 /* Project object */ = {
			isa = PBXProject;
			attributes = {
				BuildIndependentTargetsInParallel = 1;
				LastSwiftUpdateCheck = 1400;
				LastUpgradeCheck = 1400;
				TargetAttributes = {
					4E7776E228F46E9C00DAEF80 = {
						CreatedOnToolsVersion = 14.0.1;
					};
				};
			};
			buildConfigurationList = 4E7776DE28F46E9C00DAEF80 /* Build configuration list for PBXProject "Markology" */;
			compatibilityVersion = "Xcode 14.0";
			developmentRegion = en;
			hasScannedForEncodings = 0;
			knownRegions = (
				en,
				Base,
			);
			mainGroup = 4E7776DA28F46E9C00DAEF80;
			packageReferences = (
				4E7776FE28F47F0E00DAEF80 /* XCRemoteSwiftPackageReference "swift-markdown" */,
				4E77771928F732EC00DAEF80 /* XCRemoteSwiftPackageReference "GRDB" */,
			);
			productRefGroup = 4E7776E428F46E9C00DAEF80 /* Products */;
			projectDirPath = "";
			projectRoot = "";
			targets = (
				4E7776E228F46E9C00DAEF80 /* Markology */,
			);
		};
/* End PBXProject section */

/* Begin PBXResourcesBuildPhase section */
		4E7776E128F46E9C00DAEF80 /* Resources */ = {
			isa = PBXResourcesBuildPhase;
			buildActionMask = 2147483647;
			files = (
				4E7776EB28F46E9E00DAEF80 /* Assets.xcassets in Resources */,
			);
			runOnlyForDeploymentPostprocessing = 0;
		};
/* End PBXResourcesBuildPhase section */

/* Begin PBXSourcesBuildPhase section */
		4E7776DF28F46E9C00DAEF80 /* Sources */ = {
			isa = PBXSourcesBuildPhase;
			buildActionMask = 2147483647;
			files = (
				4E6A3A6C28FF3E82005CCE32 /* NoteDocument.swift in Sources */,
				4E4583C128FA8ABD00C617BE /* NoteVisitor.swift in Sources */,
				4E77770828F500C600DAEF80 /* UIKit+.swift in Sources */,
				4E77772028F9B42000DAEF80 /* SearchController.swift in Sources */,
				4E4583C828FBC1CA00C617BE /* SettingsController.swift in Sources */,
				4E77771228F6237800DAEF80 /* TextView.swift in Sources */,
				4E77770428F486E900DAEF80 /* MenuController.swift in Sources */,
				4E7776F528F46EC100DAEF80 /* AppDelegate.swift in Sources */,
				4E4583C628FBB93800C617BE /* Paths.swift in Sources */,
				4E7776F828F47D0700DAEF80 /* Engine.swift in Sources */,
				4E4583BB28FA88CB00C617BE /* String+.swift in Sources */,
				4E77770228F481F700DAEF80 /* Note.swift in Sources */,
				4E77770628F5008C00DAEF80 /* NoteController.swift in Sources */,
				4E4583C328FA8EA700C617BE /* EditCell.swift in Sources */,
				4E6A3A6A28FF1082005CCE32 /* NoteCell.swift in Sources */,
				4E4583BD28FA899100C617BE /* Markdown+.swift in Sources */,
				4E4583BF28FA8A4000C617BE /* EditVisitor.swift in Sources */,
			);
			runOnlyForDeploymentPostprocessing = 0;
		};
/* End PBXSourcesBuildPhase section */

/* Begin XCBuildConfiguration section */
		4E7776EF28F46E9E00DAEF80 /* Debug */ = {
			isa = XCBuildConfiguration;
			buildSettings = {
				ALWAYS_SEARCH_USER_PATHS = NO;
				CLANG_ANALYZER_NONNULL = YES;
				CLANG_ANALYZER_NUMBER_OBJECT_CONVERSION = YES_AGGRESSIVE;
				CLANG_CXX_LANGUAGE_STANDARD = "gnu++20";
				CLANG_ENABLE_MODULES = YES;
				CLANG_ENABLE_OBJC_ARC = YES;
				CLANG_ENABLE_OBJC_WEAK = YES;
				CLANG_WARN_BLOCK_CAPTURE_AUTORELEASING = YES;
				CLANG_WARN_BOOL_CONVERSION = YES;
				CLANG_WARN_COMMA = YES;
				CLANG_WARN_CONSTANT_CONVERSION = YES;
				CLANG_WARN_DEPRECATED_OBJC_IMPLEMENTATIONS = YES;
				CLANG_WARN_DIRECT_OBJC_ISA_USAGE = YES_ERROR;
				CLANG_WARN_DOCUMENTATION_COMMENTS = YES;
				CLANG_WARN_EMPTY_BODY = YES;
				CLANG_WARN_ENUM_CONVERSION = YES;
				CLANG_WARN_INFINITE_RECURSION = YES;
				CLANG_WARN_INT_CONVERSION = YES;
				CLANG_WARN_NON_LITERAL_NULL_CONVERSION = YES;
				CLANG_WARN_OBJC_IMPLICIT_RETAIN_SELF = YES;
				CLANG_WARN_OBJC_LITERAL_CONVERSION = YES;
				CLANG_WARN_OBJC_ROOT_CLASS = YES_ERROR;
				CLANG_WARN_QUOTED_INCLUDE_IN_FRAMEWORK_HEADER = YES;
				CLANG_WARN_RANGE_LOOP_ANALYSIS = YES;
				CLANG_WARN_STRICT_PROTOTYPES = YES;
				CLANG_WARN_SUSPICIOUS_MOVE = YES;
				CLANG_WARN_UNGUARDED_AVAILABILITY = YES_AGGRESSIVE;
				CLANG_WARN_UNREACHABLE_CODE = YES;
				CLANG_WARN__DUPLICATE_METHOD_MATCH = YES;
				COPY_PHASE_STRIP = NO;
				DEBUG_INFORMATION_FORMAT = dwarf;
				ENABLE_STRICT_OBJC_MSGSEND = YES;
				ENABLE_TESTABILITY = YES;
				GCC_C_LANGUAGE_STANDARD = gnu11;
				GCC_DYNAMIC_NO_PIC = NO;
				GCC_NO_COMMON_BLOCKS = YES;
				GCC_OPTIMIZATION_LEVEL = 0;
				GCC_PREPROCESSOR_DEFINITIONS = (
					"DEBUG=1",
					"$(inherited)",
				);
				GCC_WARN_64_TO_32_BIT_CONVERSION = YES;
				GCC_WARN_ABOUT_RETURN_TYPE = YES_ERROR;
				GCC_WARN_UNDECLARED_SELECTOR = YES;
				GCC_WARN_UNINITIALIZED_AUTOS = YES_AGGRESSIVE;
				GCC_WARN_UNUSED_FUNCTION = YES;
				GCC_WARN_UNUSED_VARIABLE = YES;
				IPHONEOS_DEPLOYMENT_TARGET = 15.0;
				MTL_ENABLE_DEBUG_INFO = INCLUDE_SOURCE;
				MTL_FAST_MATH = YES;
				ONLY_ACTIVE_ARCH = YES;
				SDKROOT = iphoneos;
				SWIFT_ACTIVE_COMPILATION_CONDITIONS = DEBUG;
				SWIFT_OPTIMIZATION_LEVEL = "-Onone";
			};
			name = Debug;
		};
		4E7776F028F46E9E00DAEF80 /* Release */ = {
			isa = XCBuildConfiguration;
			buildSettings = {
				ALWAYS_SEARCH_USER_PATHS = NO;
				CLANG_ANALYZER_NONNULL = YES;
				CLANG_ANALYZER_NUMBER_OBJECT_CONVERSION = YES_AGGRESSIVE;
				CLANG_CXX_LANGUAGE_STANDARD = "gnu++20";
				CLANG_ENABLE_MODULES = YES;
				CLANG_ENABLE_OBJC_ARC = YES;
				CLANG_ENABLE_OBJC_WEAK = YES;
				CLANG_WARN_BLOCK_CAPTURE_AUTORELEASING = YES;
				CLANG_WARN_BOOL_CONVERSION = YES;
				CLANG_WARN_COMMA = YES;
				CLANG_WARN_CONSTANT_CONVERSION = YES;
				CLANG_WARN_DEPRECATED_OBJC_IMPLEMENTATIONS = YES;
				CLANG_WARN_DIRECT_OBJC_ISA_USAGE = YES_ERROR;
				CLANG_WARN_DOCUMENTATION_COMMENTS = YES;
				CLANG_WARN_EMPTY_BODY = YES;
				CLANG_WARN_ENUM_CONVERSION = YES;
				CLANG_WARN_INFINITE_RECURSION = YES;
				CLANG_WARN_INT_CONVERSION = YES;
				CLANG_WARN_NON_LITERAL_NULL_CONVERSION = YES;
				CLANG_WARN_OBJC_IMPLICIT_RETAIN_SELF = YES;
				CLANG_WARN_OBJC_LITERAL_CONVERSION = YES;
				CLANG_WARN_OBJC_ROOT_CLASS = YES_ERROR;
				CLANG_WARN_QUOTED_INCLUDE_IN_FRAMEWORK_HEADER = YES;
				CLANG_WARN_RANGE_LOOP_ANALYSIS = YES;
				CLANG_WARN_STRICT_PROTOTYPES = YES;
				CLANG_WARN_SUSPICIOUS_MOVE = YES;
				CLANG_WARN_UNGUARDED_AVAILABILITY = YES_AGGRESSIVE;
				CLANG_WARN_UNREACHABLE_CODE = YES;
				CLANG_WARN__DUPLICATE_METHOD_MATCH = YES;
				COPY_PHASE_STRIP = NO;
				DEBUG_INFORMATION_FORMAT = "dwarf-with-dsym";
				ENABLE_NS_ASSERTIONS = NO;
				ENABLE_STRICT_OBJC_MSGSEND = YES;
				GCC_C_LANGUAGE_STANDARD = gnu11;
				GCC_NO_COMMON_BLOCKS = YES;
				GCC_WARN_64_TO_32_BIT_CONVERSION = YES;
				GCC_WARN_ABOUT_RETURN_TYPE = YES_ERROR;
				GCC_WARN_UNDECLARED_SELECTOR = YES;
				GCC_WARN_UNINITIALIZED_AUTOS = YES_AGGRESSIVE;
				GCC_WARN_UNUSED_FUNCTION = YES;
				GCC_WARN_UNUSED_VARIABLE = YES;
				IPHONEOS_DEPLOYMENT_TARGET = 15.0;
				MTL_ENABLE_DEBUG_INFO = NO;
				MTL_FAST_MATH = YES;
				SDKROOT = iphoneos;
				SWIFT_COMPILATION_MODE = wholemodule;
				SWIFT_OPTIMIZATION_LEVEL = "-O";
				VALIDATE_PRODUCT = YES;
			};
			name = Release;
		};
		4E7776F228F46E9E00DAEF80 /* Debug */ = {
			isa = XCBuildConfiguration;
			buildSettings = {
				ASSETCATALOG_COMPILER_APPICON_NAME = AppIcon;
				ASSETCATALOG_COMPILER_GLOBAL_ACCENT_COLOR_NAME = AccentColor;
				CODE_SIGN_ENTITLEMENTS = Markology/Markology.entitlements;
				CODE_SIGN_STYLE = Automatic;
				CURRENT_PROJECT_VERSION = 1;
				DEVELOPMENT_TEAM = UY7W2B5KJ6;
				GENERATE_INFOPLIST_FILE = YES;
				INFOPLIST_KEY_UIApplicationSceneManifest_Generation = YES;
				INFOPLIST_KEY_UIApplicationSupportsIndirectInputEvents = YES;
				INFOPLIST_KEY_UILaunchScreen_Generation = YES;
				INFOPLIST_KEY_UISupportedInterfaceOrientations_iPad = "UIInterfaceOrientationPortrait UIInterfaceOrientationPortraitUpsideDown UIInterfaceOrientationLandscapeLeft UIInterfaceOrientationLandscapeRight";
				INFOPLIST_KEY_UISupportedInterfaceOrientations_iPhone = "UIInterfaceOrientationPortrait UIInterfaceOrientationLandscapeLeft UIInterfaceOrientationLandscapeRight";
				IPHONEOS_DEPLOYMENT_TARGET = 15.0;
				LD_RUNPATH_SEARCH_PATHS = (
					"$(inherited)",
					"@executable_path/Frameworks",
				);
				MARKETING_VERSION = 1.0;
				PRODUCT_BUNDLE_IDENTIFIER = club.idk.Markology;
				PRODUCT_NAME = "$(TARGET_NAME)";
				SUPPORTED_PLATFORMS = "iphoneos iphonesimulator";
				SUPPORTS_MACCATALYST = YES;
				SUPPORTS_MAC_DESIGNED_FOR_IPHONE_IPAD = NO;
				SWIFT_EMIT_LOC_STRINGS = YES;
				SWIFT_VERSION = 5.0;
				TARGETED_DEVICE_FAMILY = "1,2";
			};
			name = Debug;
		};
		4E7776F328F46E9E00DAEF80 /* Release */ = {
			isa = XCBuildConfiguration;
			buildSettings = {
				ASSETCATALOG_COMPILER_APPICON_NAME = AppIcon;
				ASSETCATALOG_COMPILER_GLOBAL_ACCENT_COLOR_NAME = AccentColor;
				CODE_SIGN_ENTITLEMENTS = Markology/Markology.entitlements;
				CODE_SIGN_STYLE = Automatic;
				CURRENT_PROJECT_VERSION = 1;
				DEVELOPMENT_TEAM = UY7W2B5KJ6;
				GENERATE_INFOPLIST_FILE = YES;
				INFOPLIST_KEY_UIApplicationSceneManifest_Generation = YES;
				INFOPLIST_KEY_UIApplicationSupportsIndirectInputEvents = YES;
				INFOPLIST_KEY_UILaunchScreen_Generation = YES;
				INFOPLIST_KEY_UISupportedInterfaceOrientations_iPad = "UIInterfaceOrientationPortrait UIInterfaceOrientationPortraitUpsideDown UIInterfaceOrientationLandscapeLeft UIInterfaceOrientationLandscapeRight";
				INFOPLIST_KEY_UISupportedInterfaceOrientations_iPhone = "UIInterfaceOrientationPortrait UIInterfaceOrientationLandscapeLeft UIInterfaceOrientationLandscapeRight";
				IPHONEOS_DEPLOYMENT_TARGET = 15.0;
				LD_RUNPATH_SEARCH_PATHS = (
					"$(inherited)",
					"@executable_path/Frameworks",
				);
				MARKETING_VERSION = 1.0;
				PRODUCT_BUNDLE_IDENTIFIER = club.idk.Markology;
				PRODUCT_NAME = "$(TARGET_NAME)";
				SUPPORTED_PLATFORMS = "iphoneos iphonesimulator";
				SUPPORTS_MACCATALYST = YES;
				SUPPORTS_MAC_DESIGNED_FOR_IPHONE_IPAD = NO;
				SWIFT_EMIT_LOC_STRINGS = YES;
				SWIFT_VERSION = 5.0;
				TARGETED_DEVICE_FAMILY = "1,2";
			};
			name = Release;
		};
/* End XCBuildConfiguration section */

/* Begin XCConfigurationList section */
		4E7776DE28F46E9C00DAEF80 /* Build configuration list for PBXProject "Markology" */ = {
			isa = XCConfigurationList;
			buildConfigurations = (
				4E7776EF28F46E9E00DAEF80 /* Debug */,
				4E7776F028F46E9E00DAEF80 /* Release */,
			);
			defaultConfigurationIsVisible = 0;
			defaultConfigurationName = Release;
		};
		4E7776F128F46E9E00DAEF80 /* Build configuration list for PBXNativeTarget "Markology" */ = {
			isa = XCConfigurationList;
			buildConfigurations = (
				4E7776F228F46E9E00DAEF80 /* Debug */,
				4E7776F328F46E9E00DAEF80 /* Release */,
			);
			defaultConfigurationIsVisible = 0;
			defaultConfigurationName = Release;
		};
/* End XCConfigurationList section */

/* Begin XCRemoteSwiftPackageReference section */
		4E7776FE28F47F0E00DAEF80 /* XCRemoteSwiftPackageReference "swift-markdown" */ = {
			isa = XCRemoteSwiftPackageReference;
			repositoryURL = "https://github.com/apple/swift-markdown";
			requirement = {
				branch = main;
				kind = branch;
			};
		};
		4E77771928F732EC00DAEF80 /* XCRemoteSwiftPackageReference "GRDB" */ = {
			isa = XCRemoteSwiftPackageReference;
			repositoryURL = "https://github.com/idkclub/GRDB.swift";
			requirement = {
				branch = fts5;
				kind = branch;
			};
		};
/* End XCRemoteSwiftPackageReference section */

/* Begin XCSwiftPackageProductDependency section */
		4E7776FF28F47F0E00DAEF80 /* Markdown */ = {
			isa = XCSwiftPackageProductDependency;
			package = 4E7776FE28F47F0E00DAEF80 /* XCRemoteSwiftPackageReference "swift-markdown" */;
			productName = Markdown;
		};
		4E77771A28F732EC00DAEF80 /* GRDB-dynamic */ = {
			isa = XCSwiftPackageProductDependency;
			package = 4E77771928F732EC00DAEF80 /* XCRemoteSwiftPackageReference "GRDB" */;
			productName = "GRDB-dynamic";
		};
/* End XCSwiftPackageProductDependency section */
	};
	rootObject = 4E7776DB28F46E9C00DAEF80 /* Project object */;
}
