{
  "pins" : [
    {
      "identity" : "grdb.swift",
      "kind" : "remoteSourceControl",
      "location" : "https://github.com/idkclub/GRDB.swift",
      "state" : {
        "branch" : "fts5",
        "revision" : "7d244b77a82f11ffb626853cfa13348f6d1d93f5"
      }
    },
    {
      "identity" : "swift-cmark",
      "kind" : "remoteSourceControl",
      "location" : "https://github.com/apple/swift-cmark.git",
      "state" : {
        "branch" : "gfm",
        "revision" : "bfdc057b5a02fc65af20771a7ba08f9c944eb117"
      }
    },
    {
      "identity" : "swift-markdown",
      "kind" : "remoteSourceControl",
      "location" : "https://github.com/apple/swift-markdown",
      "state" : {
        "branch" : "main",
        "revision" : "d491147940587dbadfb3472354f4d0c6e063e061"
      }
    },
    {
      "identity" : "swiftlets",
      "kind" : "remoteSourceControl",
      "location" : "https://github.com/idkclub/Swiftlets",
      "state" : {
        "branch" : "master",
        "revision" : "ed0577894139dfbf8bdf8056deadcc915572d126"
      }
    }
  ],
  "version" : 2
}
